// !$*UTF8*$!
{
	archiveVersion = 1;
	classes = {
	};
	objectVersion = 46;
	objects = {

/* Begin PBXBuildFile section */
		84897FF51D4D7F55001EB01A /* AppDelegate.swift in Sources */ = {isa = PBXBuildFile; fileRef = 84897FF41D4D7F55001EB01A /* AppDelegate.swift */; };
		84897FF71D4D7F55001EB01A /* ViewController.swift in Sources */ = {isa = PBXBuildFile; fileRef = 84897FF61D4D7F55001EB01A /* ViewController.swift */; };
		84897FFA1D4D7F55001EB01A /* Main.storyboard in Resources */ = {isa = PBXBuildFile; fileRef = 84897FF81D4D7F55001EB01A /* Main.storyboard */; };
		84897FFD1D4D7F55001EB01A /* recipez.xcdatamodeld in Sources */ = {isa = PBXBuildFile; fileRef = 84897FFB1D4D7F55001EB01A /* recipez.xcdatamodeld */; };
		84897FFF1D4D7F55001EB01A /* Assets.xcassets in Resources */ = {isa = PBXBuildFile; fileRef = 84897FFE1D4D7F55001EB01A /* Assets.xcassets */; };
		848980021D4D7F55001EB01A /* LaunchScreen.storyboard in Resources */ = {isa = PBXBuildFile; fileRef = 848980001D4D7F55001EB01A /* LaunchScreen.storyboard */; };
		84FE4F4A1D52A04900BAD033 /* Recipe+CoreDataProperties.swift in Sources */ = {isa = PBXBuildFile; fileRef = 84FE4F481D52A04900BAD033 /* Recipe+CoreDataProperties.swift */; };
		84FE4F4B1D52A04900BAD033 /* Recipe.swift in Sources */ = {isa = PBXBuildFile; fileRef = 84FE4F491D52A04900BAD033 /* Recipe.swift */; };
		84FE4F4D1D52A23F00BAD033 /* RecipeCell.swift in Sources */ = {isa = PBXBuildFile; fileRef = 84FE4F4C1D52A23F00BAD033 /* RecipeCell.swift */; };
		84FE4F4F1D52A91500BAD033 /* CreateRecipeVC.swift in Sources */ = {isa = PBXBuildFile; fileRef = 84FE4F4E1D52A91500BAD033 /* CreateRecipeVC.swift */; };
/* End PBXBuildFile section */

/* Begin PBXFileReference section */
		84897FF11D4D7F54001EB01A /* recipez.app */ = {isa = PBXFileReference; explicitFileType = wrapper.application; includeInIndex = 0; path = recipez.app; sourceTree = BUILT_PRODUCTS_DIR; };
		84897FF41D4D7F55001EB01A /* AppDelegate.swift */ = {isa = PBXFileReference; lastKnownFileType = sourcecode.swift; path = AppDelegate.swift; sourceTree = "<group>"; };
		84897FF61D4D7F55001EB01A /* ViewController.swift */ = {isa = PBXFileReference; lastKnownFileType = sourcecode.swift; path = ViewController.swift; sourceTree = "<group>"; };
		84897FF91D4D7F55001EB01A /* Base */ = {isa = PBXFileReference; lastKnownFileType = file.storyboard; name = Base; path = Base.lproj/Main.storyboard; sourceTree = "<group>"; };
		84897FFC1D4D7F55001EB01A /* recipez.xcdatamodel */ = {isa = PBXFileReference; lastKnownFileType = wrapper.xcdatamodel; path = recipez.xcdatamodel; sourceTree = "<group>"; };
		84897FFE1D4D7F55001EB01A /* Assets.xcassets */ = {isa = PBXFileReference; lastKnownFileType = folder.assetcatalog; path = Assets.xcassets; sourceTree = "<group>"; };
		848980011D4D7F55001EB01A /* Base */ = {isa = PBXFileReference; lastKnownFileType = file.storyboard; name = Base; path = Base.lproj/LaunchScreen.storyboard; sourceTree = "<group>"; };
		848980031D4D7F55001EB01A /* Info.plist */ = {isa = PBXFileReference; lastKnownFileType = text.plist.xml; path = Info.plist; sourceTree = "<group>"; };
		84FE4F481D52A04900BAD033 /* Recipe+CoreDataProperties.swift */ = {isa = PBXFileReference; fileEncoding = 4; lastKnownFileType = sourcecode.swift; name = "Recipe+CoreDataProperties.swift"; path = "../Recipe+CoreDataProperties.swift"; sourceTree = "<group>"; };
		84FE4F491D52A04900BAD033 /* Recipe.swift */ = {isa = PBXFileReference; fileEncoding = 4; lastKnownFileType = sourcecode.swift; name = Recipe.swift; path = ../Recipe.swift; sourceTree = "<group>"; };
		84FE4F4C1D52A23F00BAD033 /* RecipeCell.swift */ = {isa = PBXFileReference; fileEncoding = 4; lastKnownFileType = sourcecode.swift; path = RecipeCell.swift; sourceTree = "<group>"; };
		84FE4F4E1D52A91500BAD033 /* CreateRecipeVC.swift */ = {isa = PBXFileReference; fileEncoding = 4; lastKnownFileType = sourcecode.swift; path = CreateRecipeVC.swift; sourceTree = "<group>"; };
/* End PBXFileReference section */

/* Begin PBXFrameworksBuildPhase section */
		84897FEE1D4D7F54001EB01A /* Frameworks */ = {
			isa = PBXFrameworksBuildPhase;
			buildActionMask = 2147483647;
			files = (
			);
			runOnlyForDeploymentPostprocessing = 0;
		};
/* End PBXFrameworksBuildPhase section */

/* Begin PBXGroup section */
		84897FE81D4D7F54001EB01A = {
			isa = PBXGroup;
			children = (
				84897FF31D4D7F55001EB01A /* recipez */,
				84897FF21D4D7F54001EB01A /* Products */,
			);
			sourceTree = "<group>";
		};
		84897FF21D4D7F54001EB01A /* Products */ = {
			isa = PBXGroup;
			children = (
				84897FF11D4D7F54001EB01A /* recipez.app */,
			);
			name = Products;
			sourceTree = "<group>";
		};
		84897FF31D4D7F55001EB01A /* recipez */ = {
			isa = PBXGroup;
			children = (
				84FE4F471D52A00B00BAD033 /* Controller */,
				84FE4F461D52A00400BAD033 /* View */,
				84FE4F451D529FFC00BAD033 /* Model */,
				84897FF41D4D7F55001EB01A /* AppDelegate.swift */,
				84897FF81D4D7F55001EB01A /* Main.storyboard */,
				84897FFE1D4D7F55001EB01A /* Assets.xcassets */,
				848980001D4D7F55001EB01A /* LaunchScreen.storyboard */,
				848980031D4D7F55001EB01A /* Info.plist */,
				84897FFB1D4D7F55001EB01A /* recipez.xcdatamodeld */,
			);
			path = recipez;
			sourceTree = "<group>";
		};
		84FE4F451D529FFC00BAD033 /* Model */ = {
			isa = PBXGroup;
			children = (
				84FE4F481D52A04900BAD033 /* Recipe+CoreDataProperties.swift */,
				84FE4F491D52A04900BAD033 /* Recipe.swift */,
			);
			name = Model;
			sourceTree = "<group>";
		};
		84FE4F461D52A00400BAD033 /* View */ = {
			isa = PBXGroup;
			children = (
				84FE4F4C1D52A23F00BAD033 /* RecipeCell.swift */,
			);
			name = View;
			sourceTree = "<group>";
		};
		84FE4F471D52A00B00BAD033 /* Controller */ = {
			isa = PBXGroup;
			children = (
				84897FF61D4D7F55001EB01A /* ViewController.swift */,
				84FE4F4E1D52A91500BAD033 /* CreateRecipeVC.swift */,
			);
			name = Controller;
			sourceTree = "<group>";
		};
/* End PBXGroup section */

/* Begin PBXNativeTarget section */
		84897FF01D4D7F54001EB01A /* recipez */ = {
			isa = PBXNativeTarget;
			buildConfigurationList = 848980061D4D7F55001EB01A /* Build configuration list for PBXNativeTarget "recipez" */;
			buildPhases = (
				84897FED1D4D7F54001EB01A /* Sources */,
				84897FEE1D4D7F54001EB01A /* Frameworks */,
				84897FEF1D4D7F54001EB01A /* Resources */,
			);
			buildRules = (
			);
			dependencies = (
			);
			name = recipez;
			productName = recipez;
			productReference = 84897FF11D4D7F54001EB01A /* recipez.app */;
			productType = "com.apple.product-type.application";
		};
/* End PBXNativeTarget section */

/* Begin PBXProject section */
		84897FE91D4D7F54001EB01A /* Project object */ = {
			isa = PBXProject;
			attributes = {
				LastSwiftUpdateCheck = 0730;
				LastUpgradeCheck = 0730;
				ORGANIZATIONNAME = ajkolean;
				TargetAttributes = {
					84897FF01D4D7F54001EB01A = {
						CreatedOnToolsVersion = 7.3.1;
					};
				};
			};
			buildConfigurationList = 84897FEC1D4D7F54001EB01A /* Build configuration list for PBXProject "recipez" */;
			compatibilityVersion = "Xcode 3.2";
			developmentRegion = English;
			hasScannedForEncodings = 0;
			knownRegions = (
				en,
				Base,
			);
			mainGroup = 84897FE81D4D7F54001EB01A;
			productRefGroup = 84897FF21D4D7F54001EB01A /* Products */;
			projectDirPath = "";
			projectRoot = "";
			targets = (
				84897FF01D4D7F54001EB01A /* recipez */,
			);
		};
/* End PBXProject section */

/* Begin PBXResourcesBuildPhase section */
		84897FEF1D4D7F54001EB01A /* Resources */ = {
			isa = PBXResourcesBuildPhase;
			buildActionMask = 2147483647;
			files = (
				848980021D4D7F55001EB01A /* LaunchScreen.storyboard in Resources */,
				84897FFF1D4D7F55001EB01A /* Assets.xcassets in Resources */,
				84897FFA1D4D7F55001EB01A /* Main.storyboard in Resources */,
			);
			runOnlyForDeploymentPostprocessing = 0;
		};
/* End PBXResourcesBuildPhase section */

/* Begin PBXSourcesBuildPhase section */
		84897FED1D4D7F54001EB01A /* Sources */ = {
			isa = PBXSourcesBuildPhase;
			buildActionMask = 2147483647;
			files = (
				84897FF71D4D7F55001EB01A /* ViewController.swift in Sources */,
				84FE4F4A1D52A04900BAD033 /* Recipe+CoreDataProperties.swift in Sources */,
				84897FF51D4D7F55001EB01A /* AppDelegate.swift in Sources */,
				84FE4F4D1D52A23F00BAD033 /* RecipeCell.swift in Sources */,
				84FE4F4F1D52A91500BAD033 /* CreateRecipeVC.swift in Sources */,
				84897FFD1D4D7F55001EB01A /* recipez.xcdatamodeld in Sources */,
				84FE4F4B1D52A04900BAD033 /* Recipe.swift in Sources */,
			);
			runOnlyForDeploymentPostprocessing = 0;
		};
/* End PBXSourcesBuildPhase section */

/* Begin PBXVariantGroup section */
		84897FF81D4D7F55001EB01A /* Main.storyboard */ = {
			isa = PBXVariantGroup;
			children = (
				84897FF91D4D7F55001EB01A /* Base */,
			);
			name = Main.storyboard;
			sourceTree = "<group>";
		};
		848980001D4D7F55001EB01A /* LaunchScreen.storyboard */ = {
			isa = PBXVariantGroup;
			children = (
				848980011D4D7F55001EB01A /* Base */,
			);
			name = LaunchScreen.storyboard;
			sourceTree = "<group>";
		};
/* End PBXVariantGroup section */

/* Begin XCBuildConfiguration section */
		848980041D4D7F55001EB01A /* Debug */ = {
			isa = XCBuildConfiguration;
			buildSettings = {
				ALWAYS_SEARCH_USER_PATHS = NO;
				CLANG_ANALYZER_NONNULL = YES;
				CLANG_CXX_LANGUAGE_STANDARD = "gnu++0x";
				CLANG_CXX_LIBRARY = "libc++";
				CLANG_ENABLE_MODULES = YES;
				CLANG_ENABLE_OBJC_ARC = YES;
				CLANG_WARN_BOOL_CONVERSION = YES;
				CLANG_WARN_CONSTANT_CONVERSION = YES;
				CLANG_WARN_DIRECT_OBJC_ISA_USAGE = YES_ERROR;
				CLANG_WARN_EMPTY_BODY = YES;
				CLANG_WARN_ENUM_CONVERSION = YES;
				CLANG_WARN_INT_CONVERSION = YES;
				CLANG_WARN_OBJC_ROOT_CLASS = YES_ERROR;
				CLANG_WARN_UNREACHABLE_CODE = YES;
				CLANG_WARN__DUPLICATE_METHOD_MATCH = YES;
				"CODE_SIGN_IDENTITY[sdk=iphoneos*]" = "iPhone Developer";
				COPY_PHASE_STRIP = NO;
				DEBUG_INFORMATION_FORMAT = dwarf;
				ENABLE_STRICT_OBJC_MSGSEND = YES;
				ENABLE_TESTABILITY = YES;
				GCC_C_LANGUAGE_STANDARD = gnu99;
				GCC_DYNAMIC_NO_PIC = NO;
				GCC_NO_COMMON_BLOCKS = YES;
				GCC_OPTIMIZATION_LEVEL = 0;
				GCC_PREPROCESSOR_DEFINITIONS = (
					"DEBUG=1",
					"$(inherited)",
				);
				GCC_WARN_64_TO_32_BIT_CONVERSION = YES;
				GCC_WARN_ABOUT_RETURN_TYPE = YES_ERROR;
				GCC_WARN_UNDECLARED_SELECTOR = YES;
				GCC_WARN_UNINITIALIZED_AUTOS = YES_AGGRESSIVE;
				GCC_WARN_UNUSED_FUNCTION = YES;
				GCC_WARN_UNUSED_VARIABLE = YES;
				IPHONEOS_DEPLOYMENT_TARGET = 9.3;
				MTL_ENABLE_DEBUG_INFO = YES;
				ONLY_ACTIVE_ARCH = YES;
				SDKROOT = iphoneos;
				SWIFT_OPTIMIZATION_LEVEL = "-Onone";
				TARGETED_DEVICE_FAMILY = "1,2";
			};
			name = Debug;
		};
		848980051D4D7F55001EB01A /* Release */ = {
			isa = XCBuildConfiguration;
			buildSettings = {
				ALWAYS_SEARCH_USER_PATHS = NO;
				CLANG_ANALYZER_NONNULL = YES;
				CLANG_CXX_LANGUAGE_STANDARD = "gnu++0x";
				CLANG_CXX_LIBRARY = "libc++";
				CLANG_ENABLE_MODULES = YES;
				CLANG_ENABLE_OBJC_ARC = YES;
				CLANG_WARN_BOOL_CONVERSION = YES;
				CLANG_WARN_CONSTANT_CONVERSION = YES;
				CLANG_WARN_DIRECT_OBJC_ISA_USAGE = YES_ERROR;
				CLANG_WARN_EMPTY_BODY = YES;
				CLANG_WARN_ENUM_CONVERSION = YES;
				CLANG_WARN_INT_CONVERSION = YES;
				CLANG_WARN_OBJC_ROOT_CLASS = YES_ERROR;
				CLANG_WARN_UNREACHABLE_CODE = YES;
				CLANG_WARN__DUPLICATE_METHOD_MATCH = YES;
				"CODE_SIGN_IDENTITY[sdk=iphoneos*]" = "iPhone Developer";
				COPY_PHASE_STRIP = NO;
				DEBUG_INFORMATION_FORMAT = "dwarf-with-dsym";
				ENABLE_NS_ASSERTIONS = NO;
				ENABLE_STRICT_OBJC_MSGSEND = YES;
				GCC_C_LANGUAGE_STANDARD = gnu99;
				GCC_NO_COMMON_BLOCKS = YES;
				GCC_WARN_64_TO_32_BIT_CONVERSION = YES;
				GCC_WARN_ABOUT_RETURN_TYPE = YES_ERROR;
				GCC_WARN_UNDECLARED_SELECTOR = YES;
				GCC_WARN_UNINITIALIZED_AUTOS = YES_AGGRESSIVE;
				GCC_WARN_UNUSED_FUNCTION = YES;
				GCC_WARN_UNUSED_VARIABLE = YES;
				IPHONEOS_DEPLOYMENT_TARGET = 9.3;
				MTL_ENABLE_DEBUG_INFO = NO;
				SDKROOT = iphoneos;
				TARGETED_DEVICE_FAMILY = "1,2";
				VALIDATE_PRODUCT = YES;
			};
			name = Release;
		};
		848980071D4D7F55001EB01A /* Debug */ = {
			isa = XCBuildConfiguration;
			buildSettings = {
				ASSETCATALOG_COMPILER_APPICON_NAME = AppIcon;
				INFOPLIST_FILE = recipez/Info.plist;
				LD_RUNPATH_SEARCH_PATHS = "$(inherited) @executable_path/Frameworks";
				PRODUCT_BUNDLE_IDENTIFIER = com.ajkolean.recipez;
				PRODUCT_NAME = "$(TARGET_NAME)";
			};
			name = Debug;
		};
		848980081D4D7F55001EB01A /* Release */ = {
			isa = XCBuildConfiguration;
			buildSettings = {
				ASSETCATALOG_COMPILER_APPICON_NAME = AppIcon;
				INFOPLIST_FILE = recipez/Info.plist;
				LD_RUNPATH_SEARCH_PATHS = "$(inherited) @executable_path/Frameworks";
				PRODUCT_BUNDLE_IDENTIFIER = com.ajkolean.recipez;
				PRODUCT_NAME = "$(TARGET_NAME)";
			};
			name = Release;
		};
/* End XCBuildConfiguration section */

/* Begin XCConfigurationList section */
		84897FEC1D4D7F54001EB01A /* Build configuration list for PBXProject "recipez" */ = {
			isa = XCConfigurationList;
			buildConfigurations = (
				848980041D4D7F55001EB01A /* Debug */,
				848980051D4D7F55001EB01A /* Release */,
			);
			defaultConfigurationIsVisible = 0;
			defaultConfigurationName = Release;
		};
		848980061D4D7F55001EB01A /* Build configuration list for PBXNativeTarget "recipez" */ = {
			isa = XCConfigurationList;
			buildConfigurations = (
				848980071D4D7F55001EB01A /* Debug */,
				848980081D4D7F55001EB01A /* Release */,
			);
			defaultConfigurationIsVisible = 0;
			defaultConfigurationName = Release;
		};
/* End XCConfigurationList section */

/* Begin XCVersionGroup section */
		84897FFB1D4D7F55001EB01A /* recipez.xcdatamodeld */ = {
			isa = XCVersionGroup;
			children = (
				84897FFC1D4D7F55001EB01A /* recipez.xcdatamodel */,
			);
			currentVersion = 84897FFC1D4D7F55001EB01A /* recipez.xcdatamodel */;
			path = recipez.xcdatamodeld;
			sourceTree = "<group>";
			versionGroupType = wrapper.xcdatamodel;
		};
/* End XCVersionGroup section */
	};
	rootObject = 84897FE91D4D7F54001EB01A /* Project object */;
}
